
Microsoft Visual Studio Solution File, Format Version 12.00
# Visual Studio 15
VisualStudioVersion = 15.0.28307.136
MinimumVisualStudioVersion = 10.0.40219.1
Project("{FAE04EC0-301F-11D3-BF4B-00C04F79EFBC}") = "ExcelForUnity", "ExcelForUnity\ExcelForUnity.csproj", "{4A5CE24A-EF08-4ECD-957C-50AD631D05DD}"
EndProject
Global
	GlobalSection(SolutionConfigurationPlatforms) = preSolution
		Debug|Any CPU = Debug|Any CPU
		Release|Any CPU = Release|Any CPU
	EndGlobalSection
	GlobalSection(ProjectConfigurationPlatforms) = postSolution
		{4A5CE24A-EF08-4ECD-957C-50AD631D05DD}.Debug|Any CPU.ActiveCfg = Debug|Any CPU
		{4A5CE24A-EF08-4ECD-957C-50AD631D05DD}.Debug|Any CPU.Build.0 = Debug|Any CPU
		{4A5CE24A-EF08-4ECD-957C-50AD631D05DD}.Release|Any CPU.ActiveCfg = Release|Any CPU
		{4A5CE24A-EF08-4ECD-957C-50AD631D05DD}.Release|Any CPU.Build.0 = Release|Any CPU
	EndGlobalSection
	GlobalSection(SolutionProperties) = preSolution
		HideSolutionNode = FALSE
	EndGlobalSection
	GlobalSection(ExtensibilityGlobals) = postSolution
		SolutionGuid = {E3129295-D2EE-4B11-9C56-586B96A8A608}
	EndGlobalSection
EndGlobal
